
Microsoft Visual Studio Solution File, Format Version 12.00
# Visual Studio Version 16
VisualStudioVersion = 16.0.31402.337
MinimumVisualStudioVersion = 10.0.40219.1
Project("{FAE04EC0-301F-11D3-BF4B-00C04F79EFBC}") = "SocketServerWithStrings", "SocketServerWithStrings\SocketServerWithStrings.csproj", "{F356F4D7-23AF-4A79-B5A9-5CF52E07BA9B}"
EndProject
Project("{FAE04EC0-301F-11D3-BF4B-00C04F79EFBC}") = "ClientWithDataExample", "ClientWithDataExample\ClientWithDataExample.csproj", "{CCB8B08C-B5E4-4B7E-9CD5-0850247E4770}"
EndProject
Global
	GlobalSection(SolutionConfigurationPlatforms) = preSolution
		Debug|Any CPU = Debug|Any CPU
		Release|Any CPU = Release|Any CPU
	EndGlobalSection
	GlobalSection(ProjectConfigurationPlatforms) = postSolution
		{F356F4D7-23AF-4A79-B5A9-5CF52E07BA9B}.Debug|Any CPU.ActiveCfg = Debug|Any CPU
		{F356F4D7-23AF-4A79-B5A9-5CF52E07BA9B}.Debug|Any CPU.Build.0 = Debug|Any CPU
		{F356F4D7-23AF-4A79-B5A9-5CF52E07BA9B}.Release|Any CPU.ActiveCfg = Release|Any CPU
		{F356F4D7-23AF-4A79-B5A9-5CF52E07BA9B}.Release|Any CPU.Build.0 = Release|Any CPU
		{CCB8B08C-B5E4-4B7E-9CD5-0850247E4770}.Debug|Any CPU.ActiveCfg = Debug|Any CPU
		{CCB8B08C-B5E4-4B7E-9CD5-0850247E4770}.Debug|Any CPU.Build.0 = Debug|Any CPU
		{CCB8B08C-B5E4-4B7E-9CD5-0850247E4770}.Release|Any CPU.ActiveCfg = Release|Any CPU
		{CCB8B08C-B5E4-4B7E-9CD5-0850247E4770}.Release|Any CPU.Build.0 = Release|Any CPU
	EndGlobalSection
	GlobalSection(SolutionProperties) = preSolution
		HideSolutionNode = FALSE
	EndGlobalSection
	GlobalSection(ExtensibilityGlobals) = postSolution
		SolutionGuid = {EF10334E-2C08-46D1-BC95-86F280890E39}
	EndGlobalSection
EndGlobal
