
Microsoft Visual Studio Solution File, Format Version 12.00
# Visual Studio Version 16
VisualStudioVersion = 16.0.810.8
MinimumVisualStudioVersion = 10.0.40219.1
Project("{9A19103F-16F7-4668-BE54-9A1E7A4F7556}") = "Client", "Cliente\Client.csproj", "{BE0BBE69-9F03-44D0-8AEB-DD20412828CF}"
EndProject
Project("{9A19103F-16F7-4668-BE54-9A1E7A4F7556}") = "Server", "Server\Server.csproj", "{F44AA0D7-502A-4339-82D4-FCA2031C6516}"
EndProject
Project("{9A19103F-16F7-4668-BE54-9A1E7A4F7556}") = "StateServices", "StateServices\StateServices\StateServices.csproj", "{741F0927-4B46-41AF-A50D-C15CE5814B2C}"
EndProject
Project("{FAE04EC0-301F-11D3-BF4B-00C04F79EFBC}") = "ProtocolLibrary", "ProtocolLibrary1\ProtocolLibrary.csproj", "{99D4C51B-DBCC-4A95-A4A0-F5178541A5E8}"
EndProject
Project("{FAE04EC0-301F-11D3-BF4B-00C04F79EFBC}") = "DTOs", "DTOs\DTOs.csproj", "{AE1E2807-880F-4DE0-A1A3-8472C929E2CF}"
EndProject
Global
	GlobalSection(SolutionConfigurationPlatforms) = preSolution
		Debug|Any CPU = Debug|Any CPU
		Release|Any CPU = Release|Any CPU
	EndGlobalSection
	GlobalSection(ProjectConfigurationPlatforms) = postSolution
		{BE0BBE69-9F03-44D0-8AEB-DD20412828CF}.Debug|Any CPU.ActiveCfg = Debug|Any CPU
		{BE0BBE69-9F03-44D0-8AEB-DD20412828CF}.Debug|Any CPU.Build.0 = Debug|Any CPU
		{BE0BBE69-9F03-44D0-8AEB-DD20412828CF}.Release|Any CPU.ActiveCfg = Release|Any CPU
		{BE0BBE69-9F03-44D0-8AEB-DD20412828CF}.Release|Any CPU.Build.0 = Release|Any CPU
		{F44AA0D7-502A-4339-82D4-FCA2031C6516}.Debug|Any CPU.ActiveCfg = Debug|Any CPU
		{F44AA0D7-502A-4339-82D4-FCA2031C6516}.Debug|Any CPU.Build.0 = Debug|Any CPU
		{F44AA0D7-502A-4339-82D4-FCA2031C6516}.Release|Any CPU.ActiveCfg = Release|Any CPU
		{F44AA0D7-502A-4339-82D4-FCA2031C6516}.Release|Any CPU.Build.0 = Release|Any CPU
		{741F0927-4B46-41AF-A50D-C15CE5814B2C}.Debug|Any CPU.ActiveCfg = Debug|Any CPU
		{741F0927-4B46-41AF-A50D-C15CE5814B2C}.Debug|Any CPU.Build.0 = Debug|Any CPU
		{741F0927-4B46-41AF-A50D-C15CE5814B2C}.Release|Any CPU.ActiveCfg = Release|Any CPU
		{741F0927-4B46-41AF-A50D-C15CE5814B2C}.Release|Any CPU.Build.0 = Release|Any CPU
		{99D4C51B-DBCC-4A95-A4A0-F5178541A5E8}.Debug|Any CPU.ActiveCfg = Debug|Any CPU
		{99D4C51B-DBCC-4A95-A4A0-F5178541A5E8}.Debug|Any CPU.Build.0 = Debug|Any CPU
		{99D4C51B-DBCC-4A95-A4A0-F5178541A5E8}.Release|Any CPU.ActiveCfg = Release|Any CPU
		{99D4C51B-DBCC-4A95-A4A0-F5178541A5E8}.Release|Any CPU.Build.0 = Release|Any CPU
		{AE1E2807-880F-4DE0-A1A3-8472C929E2CF}.Debug|Any CPU.ActiveCfg = Debug|Any CPU
		{AE1E2807-880F-4DE0-A1A3-8472C929E2CF}.Debug|Any CPU.Build.0 = Debug|Any CPU
		{AE1E2807-880F-4DE0-A1A3-8472C929E2CF}.Release|Any CPU.ActiveCfg = Release|Any CPU
		{AE1E2807-880F-4DE0-A1A3-8472C929E2CF}.Release|Any CPU.Build.0 = Release|Any CPU
	EndGlobalSection
	GlobalSection(SolutionProperties) = preSolution
		HideSolutionNode = FALSE
	EndGlobalSection
	GlobalSection(ExtensibilityGlobals) = postSolution
		SolutionGuid = {7E12DE39-95A8-4A81-95FC-7086563B57E8}
	EndGlobalSection
EndGlobal
