
Microsoft Visual Studio Solution File, Format Version 12.00
# Visual Studio Version 16
VisualStudioVersion = 16.0.31402.337
MinimumVisualStudioVersion = 10.0.40219.1
Project("{FAE04EC0-301F-11D3-BF4B-00C04F79EFBC}") = "StateServices", "StateServices\StateServices.csproj", "{62FA0ACE-674A-48ED-AE7D-DCC59A41E672}"
EndProject
Global
	GlobalSection(SolutionConfigurationPlatforms) = preSolution
		Debug|Any CPU = Debug|Any CPU
		Release|Any CPU = Release|Any CPU
	EndGlobalSection
	GlobalSection(ProjectConfigurationPlatforms) = postSolution
		{62FA0ACE-674A-48ED-AE7D-DCC59A41E672}.Debug|Any CPU.ActiveCfg = Debug|Any CPU
		{62FA0ACE-674A-48ED-AE7D-DCC59A41E672}.Debug|Any CPU.Build.0 = Debug|Any CPU
		{62FA0ACE-674A-48ED-AE7D-DCC59A41E672}.Release|Any CPU.ActiveCfg = Release|Any CPU
		{62FA0ACE-674A-48ED-AE7D-DCC59A41E672}.Release|Any CPU.Build.0 = Release|Any CPU
	EndGlobalSection
	GlobalSection(SolutionProperties) = preSolution
		HideSolutionNode = FALSE
	EndGlobalSection
	GlobalSection(ExtensibilityGlobals) = postSolution
		SolutionGuid = {77F24091-760F-4F00-9610-B2DDA5EB7AD2}
	EndGlobalSection
EndGlobal
